{
  "originHash" : "fa1f022b7067f1c624b8094adb6b4321afb80ebfa68abd4be2f13e9ac25127a7",
  "pins" : [
    {
      "identity" : "capacitor-swift-pm",
      "kind" : "remoteSourceControl",
      "location" : "https://github.com/ionic-team/capacitor-swift-pm.git",
      "state" : {
        "revision" : "9b9fb0af76b2b653f6e9b999f658adc132b9ab4c",
        "version" : "8.4.2"
      }
    }
  ],
  "version" : 3
}
